// !$*UTF8*$!
{
	archiveVersion = 1;
	classes = {
	};
	objectVersion = 46;
	objects = {

/* Begin PBXBuildFile section */
		8C2824B31C5B2B560056CB5D /* AppDelegate.swift in Sources */ = {isa = PBXBuildFile; fileRef = 8C2824B21C5B2B560056CB5D /* AppDelegate.swift */; };
		8C2824B51C5B2B560056CB5D /* ViewController.swift in Sources */ = {isa = PBXBuildFile; fileRef = 8C2824B41C5B2B560056CB5D /* ViewController.swift */; };
		8C2824B81C5B2B560056CB5D /* Main.storyboard in Resources */ = {isa = PBXBuildFile; fileRef = 8C2824B61C5B2B560056CB5D /* Main.storyboard */; };
		8C2824BA1C5B2B560056CB5D /* Assets.xcassets in Resources */ = {isa = PBXBuildFile; fileRef = 8C2824B91C5B2B560056CB5D /* Assets.xcassets */; };
		8C2824BD1C5B2B560056CB5D /* LaunchScreen.storyboard in Resources */ = {isa = PBXBuildFile; fileRef = 8C2824BB1C5B2B560056CB5D /* LaunchScreen.storyboard */; };
		8C2824C51C5B2C340056CB5D /* Datos.swift in Sources */ = {isa = PBXBuildFile; fileRef = 8C2824C41C5B2C340056CB5D /* Datos.swift */; };
/* End PBXBuildFile section */

/* Begin PBXFileReference section */
		8C2824AF1C5B2B560056CB5D /* Hamburguesa.app */ = {isa = PBXFileReference; explicitFileType = wrapper.application; includeInIndex = 0; path = Hamburguesa.app; sourceTree = BUILT_PRODUCTS_DIR; };
		8C2824B21C5B2B560056CB5D /* AppDelegate.swift */ = {isa = PBXFileReference; lastKnownFileType = sourcecode.swift; path = AppDelegate.swift; sourceTree = "<group>"; };
		8C2824B41C5B2B560056CB5D /* ViewController.swift */ = {isa = PBXFileReference; lastKnownFileType = sourcecode.swift; path = ViewController.swift; sourceTree = "<group>"; };
		8C2824B71C5B2B560056CB5D /* Base */ = {isa = PBXFileReference; lastKnownFileType = file.storyboard; name = Base; path = Base.lproj/Main.storyboard; sourceTree = "<group>"; };
		8C2824B91C5B2B560056CB5D /* Assets.xcassets */ = {isa = PBXFileReference; lastKnownFileType = folder.assetcatalog; path = Assets.xcassets; sourceTree = "<group>"; };
		8C2824BC1C5B2B560056CB5D /* Base */ = {isa = PBXFileReference; lastKnownFileType = file.storyboard; name = Base; path = Base.lproj/LaunchScreen.storyboard; sourceTree = "<group>"; };
		8C2824BE1C5B2B570056CB5D /* Info.plist */ = {isa = PBXFileReference; lastKnownFileType = text.plist.xml; path = Info.plist; sourceTree = "<group>"; };
		8C2824C41C5B2C340056CB5D /* Datos.swift */ = {isa = PBXFileReference; fileEncoding = 4; lastKnownFileType = sourcecode.swift; lineEnding = 0; path = Datos.swift; sourceTree = "<group>"; };
/* End PBXFileReference section */

/* Begin PBXFrameworksBuildPhase section */
		8C2824AC1C5B2B550056CB5D /* Frameworks */ = {
			isa = PBXFrameworksBuildPhase;
			buildActionMask = 2147483647;
			files = (
			);
			runOnlyForDeploymentPostprocessing = 0;
		};
/* End PBXFrameworksBuildPhase section */

/* Begin PBXGroup section */
		8C2824A61C5B2B550056CB5D = {
			isa = PBXGroup;
			children = (
				8C2824B11C5B2B560056CB5D /* Hamburguesa */,
				8C2824B01C5B2B560056CB5D /* Products */,
			);
			sourceTree = "<group>";
		};
		8C2824B01C5B2B560056CB5D /* Products */ = {
			isa = PBXGroup;
			children = (
				8C2824AF1C5B2B560056CB5D /* Hamburguesa.app */,
			);
			name = Products;
			sourceTree = "<group>";
		};
		8C2824B11C5B2B560056CB5D /* Hamburguesa */ = {
			isa = PBXGroup;
			children = (
				8C2824C41C5B2C340056CB5D /* Datos.swift */,
				8C2824B21C5B2B560056CB5D /* AppDelegate.swift */,
				8C2824B41C5B2B560056CB5D /* ViewController.swift */,
				8C2824B61C5B2B560056CB5D /* Main.storyboard */,
				8C2824B91C5B2B560056CB5D /* Assets.xcassets */,
				8C2824BB1C5B2B560056CB5D /* LaunchScreen.storyboard */,
				8C2824BE1C5B2B570056CB5D /* Info.plist */,
			);
			path = Hamburguesa;
			sourceTree = "<group>";
		};
/* End PBXGroup section */

/* Begin PBXNativeTarget section */
		8C2824AE1C5B2B550056CB5D /* Hamburguesa */ = {
			isa = PBXNativeTarget;
			buildConfigurationList = 8C2824C11C5B2B570056CB5D /* Build configuration list for PBXNativeTarget "Hamburguesa" */;
			buildPhases = (
				8C2824AB1C5B2B550056CB5D /* Sources */,
				8C2824AC1C5B2B550056CB5D /* Frameworks */,
				8C2824AD1C5B2B550056CB5D /* Resources */,
			);
			buildRules = (
			);
			dependencies = (
			);
			name = Hamburguesa;
			productName = Hamburguesa;
			productReference = 8C2824AF1C5B2B560056CB5D /* Hamburguesa.app */;
			productType = "com.apple.product-type.application";
		};
/* End PBXNativeTarget section */

/* Begin PBXProject section */
		8C2824A71C5B2B550056CB5D /* Project object */ = {
			isa = PBXProject;
			attributes = {
				LastSwiftUpdateCheck = 0720;
				LastUpgradeCheck = 0720;
				ORGANIZATIONNAME = "Gustavo Reyes";
				TargetAttributes = {
					8C2824AE1C5B2B550056CB5D = {
						CreatedOnToolsVersion = 7.2;
						DevelopmentTeam = 4Z68L6D2UX;
					};
				};
			};
			buildConfigurationList = 8C2824AA1C5B2B550056CB5D /* Build configuration list for PBXProject "Hamburguesa" */;
			compatibilityVersion = "Xcode 3.2";
			developmentRegion = English;
			hasScannedForEncodings = 0;
			knownRegions = (
				en,
				Base,
			);
			mainGroup = 8C2824A61C5B2B550056CB5D;
			productRefGroup = 8C2824B01C5B2B560056CB5D /* Products */;
			projectDirPath = "";
			projectRoot = "";
			targets = (
				8C2824AE1C5B2B550056CB5D /* Hamburguesa */,
			);
		};
/* End PBXProject section */

/* Begin PBXResourcesBuildPhase section */
		8C2824AD1C5B2B550056CB5D /* Resources */ = {
			isa = PBXResourcesBuildPhase;
			buildActionMask = 2147483647;
			files = (
				8C2824BD1C5B2B560056CB5D /* LaunchScreen.storyboard in Resources */,
				8C2824BA1C5B2B560056CB5D /* Assets.xcassets in Resources */,
				8C2824B81C5B2B560056CB5D /* Main.storyboard in Resources */,
			);
			runOnlyForDeploymentPostprocessing = 0;
		};
/* End PBXResourcesBuildPhase section */

/* Begin PBXSourcesBuildPhase section */
		8C2824AB1C5B2B550056CB5D /* Sources */ = {
			isa = PBXSourcesBuildPhase;
			buildActionMask = 2147483647;
			files = (
				8C2824B51C5B2B560056CB5D /* ViewController.swift in Sources */,
				8C2824B31C5B2B560056CB5D /* AppDelegate.swift in Sources */,
				8C2824C51C5B2C340056CB5D /* Datos.swift in Sources */,
			);
			runOnlyForDeploymentPostprocessing = 0;
		};
/* End PBXSourcesBuildPhase section */

/* Begin PBXVariantGroup section */
		8C2824B61C5B2B560056CB5D /* Main.storyboard */ = {
			isa = PBXVariantGroup;
			children = (
				8C2824B71C5B2B560056CB5D /* Base */,
			);
			name = Main.storyboard;
			sourceTree = "<group>";
		};
		8C2824BB1C5B2B560056CB5D /* LaunchScreen.storyboard */ = {
			isa = PBXVariantGroup;
			children = (
				8C2824BC1C5B2B560056CB5D /* Base */,
			);
			name = LaunchScreen.storyboard;
			sourceTree = "<group>";
		};
/* End PBXVariantGroup section */

/* Begin XCBuildConfiguration section */
		8C2824BF1C5B2B570056CB5D /* Debug */ = {
			isa = XCBuildConfiguration;
			buildSettings = {
				ALWAYS_SEARCH_USER_PATHS = NO;
				CLANG_CXX_LANGUAGE_STANDARD = "gnu++0x";
				CLANG_CXX_LIBRARY = "libc++";
				CLANG_ENABLE_MODULES = YES;
				CLANG_ENABLE_OBJC_ARC = YES;
				CLANG_WARN_BOOL_CONVERSION = YES;
				CLANG_WARN_CONSTANT_CONVERSION = YES;
				CLANG_WARN_DIRECT_OBJC_ISA_USAGE = YES_ERROR;
				CLANG_WARN_EMPTY_BODY = YES;
				CLANG_WARN_ENUM_CONVERSION = YES;
				CLANG_WARN_INT_CONVERSION = YES;
				CLANG_WARN_OBJC_ROOT_CLASS = YES_ERROR;
				CLANG_WARN_UNREACHABLE_CODE = YES;
				CLANG_WARN__DUPLICATE_METHOD_MATCH = YES;
				"CODE_SIGN_IDENTITY[sdk=iphoneos*]" = "iPhone Developer";
				COPY_PHASE_STRIP = NO;
				DEBUG_INFORMATION_FORMAT = dwarf;
				ENABLE_STRICT_OBJC_MSGSEND = YES;
				ENABLE_TESTABILITY = YES;
				GCC_C_LANGUAGE_STANDARD = gnu99;
				GCC_DYNAMIC_NO_PIC = NO;
				GCC_NO_COMMON_BLOCKS = YES;
				GCC_OPTIMIZATION_LEVEL = 0;
				GCC_PREPROCESSOR_DEFINITIONS = (
					"DEBUG=1",
					"$(inherited)",
				);
				GCC_WARN_64_TO_32_BIT_CONVERSION = YES;
				GCC_WARN_ABOUT_RETURN_TYPE = YES_ERROR;
				GCC_WARN_UNDECLARED_SELECTOR = YES;
				GCC_WARN_UNINITIALIZED_AUTOS = YES_AGGRESSIVE;
				GCC_WARN_UNUSED_FUNCTION = YES;
				GCC_WARN_UNUSED_VARIABLE = YES;
				IPHONEOS_DEPLOYMENT_TARGET = 9.2;
				MTL_ENABLE_DEBUG_INFO = YES;
				ONLY_ACTIVE_ARCH = YES;
				SDKROOT = iphoneos;
				SWIFT_OPTIMIZATION_LEVEL = "-Onone";
			};
			name = Debug;
		};
		8C2824C01C5B2B570056CB5D /* Release */ = {
			isa = XCBuildConfiguration;
			buildSettings = {
				ALWAYS_SEARCH_USER_PATHS = NO;
				CLANG_CXX_LANGUAGE_STANDARD = "gnu++0x";
				CLANG_CXX_LIBRARY = "libc++";
				CLANG_ENABLE_MODULES = YES;
				CLANG_ENABLE_OBJC_ARC = YES;
				CLANG_WARN_BOOL_CONVERSION = YES;
				CLANG_WARN_CONSTANT_CONVERSION = YES;
				CLANG_WARN_DIRECT_OBJC_ISA_USAGE = YES_ERROR;
				CLANG_WARN_EMPTY_BODY = YES;
				CLANG_WARN_ENUM_CONVERSION = YES;
				CLANG_WARN_INT_CONVERSION = YES;
				CLANG_WARN_OBJC_ROOT_CLASS = YES_ERROR;
				CLANG_WARN_UNREACHABLE_CODE = YES;
				CLANG_WARN__DUPLICATE_METHOD_MATCH = YES;
				"CODE_SIGN_IDENTITY[sdk=iphoneos*]" = "iPhone Developer";
				COPY_PHASE_STRIP = NO;
				DEBUG_INFORMATION_FORMAT = "dwarf-with-dsym";
				ENABLE_NS_ASSERTIONS = NO;
				ENABLE_STRICT_OBJC_MSGSEND = YES;
				GCC_C_LANGUAGE_STANDARD = gnu99;
				GCC_NO_COMMON_BLOCKS = YES;
				GCC_WARN_64_TO_32_BIT_CONVERSION = YES;
				GCC_WARN_ABOUT_RETURN_TYPE = YES_ERROR;
				GCC_WARN_UNDECLARED_SELECTOR = YES;
				GCC_WARN_UNINITIALIZED_AUTOS = YES_AGGRESSIVE;
				GCC_WARN_UNUSED_FUNCTION = YES;
				GCC_WARN_UNUSED_VARIABLE = YES;
				IPHONEOS_DEPLOYMENT_TARGET = 9.2;
				MTL_ENABLE_DEBUG_INFO = NO;
				SDKROOT = iphoneos;
				VALIDATE_PRODUCT = YES;
			};
			name = Release;
		};
		8C2824C21C5B2B570056CB5D /* Debug */ = {
			isa = XCBuildConfiguration;
			buildSettings = {
				ASSETCATALOG_COMPILER_APPICON_NAME = AppIcon;
				INFOPLIST_FILE = Hamburguesa/Info.plist;
				LD_RUNPATH_SEARCH_PATHS = "$(inherited) @executable_path/Frameworks";
				PRODUCT_BUNDLE_IDENTIFIER = com.tavoberry.Hamburguesa;
				PRODUCT_NAME = "$(TARGET_NAME)";
			};
			name = Debug;
		};
		8C2824C31C5B2B570056CB5D /* Release */ = {
			isa = XCBuildConfiguration;
			buildSettings = {
				ASSETCATALOG_COMPILER_APPICON_NAME = AppIcon;
				INFOPLIST_FILE = Hamburguesa/Info.plist;
				LD_RUNPATH_SEARCH_PATHS = "$(inherited) @executable_path/Frameworks";
				PRODUCT_BUNDLE_IDENTIFIER = com.tavoberry.Hamburguesa;
				PRODUCT_NAME = "$(TARGET_NAME)";
			};
			name = Release;
		};
/* End XCBuildConfiguration section */

/* Begin XCConfigurationList section */
		8C2824AA1C5B2B550056CB5D /* Build configuration list for PBXProject "Hamburguesa" */ = {
			isa = XCConfigurationList;
			buildConfigurations = (
				8C2824BF1C5B2B570056CB5D /* Debug */,
				8C2824C01C5B2B570056CB5D /* Release */,
			);
			defaultConfigurationIsVisible = 0;
			defaultConfigurationName = Release;
		};
		8C2824C11C5B2B570056CB5D /* Build configuration list for PBXNativeTarget "Hamburguesa" */ = {
			isa = XCConfigurationList;
			buildConfigurations = (
				8C2824C21C5B2B570056CB5D /* Debug */,
				8C2824C31C5B2B570056CB5D /* Release */,
			);
			defaultConfigurationIsVisible = 0;
		};
/* End XCConfigurationList section */
	};
	rootObject = 8C2824A71C5B2B550056CB5D /* Project object */;
}
